# This file is autogenerated, do not edit; changes may be undone by the next 'dep ensure'.


[[projects]]
  digest = "1:f38162ab06c4d6cfb56ecabc4959a5e12d5163cf565f21578ba017293ab578b0"
  name = "github.com/hpcloud/tail"
  packages = [
    ".",
    "ratelimiter",
    "util",
    "watch",
    "winfile",
  ]
  pruneopts = ""
  revision = "a1dbeea552b7c8df4b542c66073e393de198a800"
  source = "https://github.com/vsco/tail.git"

[[projects]]
  digest = "1:cb5b2a45a3dd41c01ff779c54ae4c8aab0271d6d3b3f734c8a8bd2c890299ef2"
  name = "gopkg.in/fsnotify/fsnotify.v1"
  packages = ["."]
  pruneopts = ""
  revision = "836bfd95fecc0f1511dd66bdbf2b5b61ab8b00b6"
  version = "v1.2.11"

[[projects]]
  branch = "v1"
  digest = "1:a96d16bd088460f2e0685d46c39bcf1208ba46e0a977be2df49864ec7da447dd"
  name = "gopkg.in/tomb.v1"
  packages = ["."]
  pruneopts = ""
  revision = "dd632973f1e7218eb1089048e0798ec9ae7dceb8"

[solve-meta]
  analyzer-name = "dep"
  analyzer-version = 1
  input-imports = ["github.com/hpcloud/tail"]
  solver-name = "gps-cdcl"
  solver-version = 1
